
Microsoft Visual Studio Solution File, Format Version 12.00
# Visual Studio Version 17
VisualStudioVersion = 17.5.33424.131
MinimumVisualStudioVersion = 10.0.40219.1
Project("{FAE04EC0-301F-11D3-BF4B-00C04F79EFBC}") = "Kiwify.API", "Kiwify.API\Kiwify.API.csproj", "{8A55EDDC-9317-494C-9B14-60E7FE0FA825}"
EndProject
Project("{FAE04EC0-301F-11D3-BF4B-00C04F79EFBC}") = "Kiwify.Core", "Kiwify.Core\Kiwify.Core.csproj", "{A3CA4FAE-4285-43F3-B617-7E9B198DC536}"
EndProject
Global
	GlobalSection(SolutionConfigurationPlatforms) = preSolution
		Debug|Any CPU = Debug|Any CPU
		Release|Any CPU = Release|Any CPU
	EndGlobalSection
	GlobalSection(ProjectConfigurationPlatforms) = postSolution
		{8A55EDDC-9317-494C-9B14-60E7FE0FA825}.Debug|Any CPU.ActiveCfg = Debug|Any CPU
		{8A55EDDC-9317-494C-9B14-60E7FE0FA825}.Debug|Any CPU.Build.0 = Debug|Any CPU
		{8A55EDDC-9317-494C-9B14-60E7FE0FA825}.Release|Any CPU.ActiveCfg = Release|Any CPU
		{8A55EDDC-9317-494C-9B14-60E7FE0FA825}.Release|Any CPU.Build.0 = Release|Any CPU
		{A3CA4FAE-4285-43F3-B617-7E9B198DC536}.Debug|Any CPU.ActiveCfg = Debug|Any CPU
		{A3CA4FAE-4285-43F3-B617-7E9B198DC536}.Debug|Any CPU.Build.0 = Debug|Any CPU
		{A3CA4FAE-4285-43F3-B617-7E9B198DC536}.Release|Any CPU.ActiveCfg = Release|Any CPU
		{A3CA4FAE-4285-43F3-B617-7E9B198DC536}.Release|Any CPU.Build.0 = Release|Any CPU
	EndGlobalSection
	GlobalSection(SolutionProperties) = preSolution
		HideSolutionNode = FALSE
	EndGlobalSection
	GlobalSection(ExtensibilityGlobals) = postSolution
		SolutionGuid = {C017E87B-D5D8-4364-A628-07FA7BAC3414}
	EndGlobalSection
EndGlobal
